
Microsoft Visual Studio Solution File, Format Version 12.00
# Visual Studio Version 16
VisualStudioVersion = 25.0.1704.1
MinimumVisualStudioVersion = 10.0.40219.1
Project("{FAE04EC0-301F-11D3-BF4B-00C04F79EFBC}") = "T2203E_CSharp", "T2203E_CSharp\T2203E_CSharp.csproj", "{A3F96F5E-7300-4444-8165-B98DB89BD0EC}"
EndProject
Global
	GlobalSection(SolutionConfigurationPlatforms) = preSolution
		Debug|Any CPU = Debug|Any CPU
		Release|Any CPU = Release|Any CPU
	EndGlobalSection
	GlobalSection(ProjectConfigurationPlatforms) = postSolution
		{A3F96F5E-7300-4444-8165-B98DB89BD0EC}.Debug|Any CPU.ActiveCfg = Debug|Any CPU
		{A3F96F5E-7300-4444-8165-B98DB89BD0EC}.Debug|Any CPU.Build.0 = Debug|Any CPU
		{A3F96F5E-7300-4444-8165-B98DB89BD0EC}.Release|Any CPU.ActiveCfg = Release|Any CPU
		{A3F96F5E-7300-4444-8165-B98DB89BD0EC}.Release|Any CPU.Build.0 = Release|Any CPU
	EndGlobalSection
	GlobalSection(SolutionProperties) = preSolution
		HideSolutionNode = FALSE
	EndGlobalSection
	GlobalSection(ExtensibilityGlobals) = postSolution
		SolutionGuid = {EE92FCD0-D6DA-4B65-A3C9-EC844CE270E0}
	EndGlobalSection
EndGlobal
